
Microsoft Visual Studio Solution File, Format Version 12.00
# Visual Studio Version 16
VisualStudioVersion = 16.0.29424.173
MinimumVisualStudioVersion = 10.0.40219.1
Project("{FAE04EC0-301F-11D3-BF4B-00C04F79EFBC}") = "InterviewCS", "InterviewCS\InterviewCS.csproj", "{E20293EB-0C8F-43A4-8D14-15F92AD2B300}"
EndProject
Global
	GlobalSection(SolutionConfigurationPlatforms) = preSolution
		Debug|Any CPU = Debug|Any CPU
		Release|Any CPU = Release|Any CPU
	EndGlobalSection
	GlobalSection(ProjectConfigurationPlatforms) = postSolution
		{E20293EB-0C8F-43A4-8D14-15F92AD2B300}.Debug|Any CPU.ActiveCfg = Debug|Any CPU
		{E20293EB-0C8F-43A4-8D14-15F92AD2B300}.Debug|Any CPU.Build.0 = Debug|Any CPU
		{E20293EB-0C8F-43A4-8D14-15F92AD2B300}.Release|Any CPU.ActiveCfg = Release|Any CPU
		{E20293EB-0C8F-43A4-8D14-15F92AD2B300}.Release|Any CPU.Build.0 = Release|Any CPU
	EndGlobalSection
	GlobalSection(SolutionProperties) = preSolution
		HideSolutionNode = FALSE
	EndGlobalSection
	GlobalSection(ExtensibilityGlobals) = postSolution
		SolutionGuid = {A6A253EB-2FC7-40BD-BEDF-7680B19C70A3}
	EndGlobalSection
EndGlobal
